
Microsoft Visual Studio Solution File, Format Version 12.00
# Visual Studio Version 17
VisualStudioVersion = 17.5.002.0
MinimumVisualStudioVersion = 10.0.40219.1
Project("{9A19103F-16F7-4668-BE54-9A1E7A4F7556}") = "DesafioFundamentos", "DesafioFundamentos\DesafioFundamentos.csproj", "{A7FCF735-D682-43D6-8240-54E53F01D58A}"
EndProject
Global
	GlobalSection(SolutionConfigurationPlatforms) = preSolution
		Debug|Any CPU = Debug|Any CPU
		Release|Any CPU = Release|Any CPU
	EndGlobalSection
	GlobalSection(ProjectConfigurationPlatforms) = postSolution
		{A7FCF735-D682-43D6-8240-54E53F01D58A}.Debug|Any CPU.ActiveCfg = Debug|Any CPU
		{A7FCF735-D682-43D6-8240-54E53F01D58A}.Debug|Any CPU.Build.0 = Debug|Any CPU
		{A7FCF735-D682-43D6-8240-54E53F01D58A}.Release|Any CPU.ActiveCfg = Release|Any CPU
		{A7FCF735-D682-43D6-8240-54E53F01D58A}.Release|Any CPU.Build.0 = Release|Any CPU
	EndGlobalSection
	GlobalSection(SolutionProperties) = preSolution
		HideSolutionNode = FALSE
	EndGlobalSection
	GlobalSection(ExtensibilityGlobals) = postSolution
		SolutionGuid = {2E78F5BE-A3A4-483A-801C-4C9852EFBB32}
	EndGlobalSection
EndGlobal
